
Microsoft Visual Studio Solution File, Format Version 12.00
# Visual Studio 15
VisualStudioVersion = 15.0.27703.2047
MinimumVisualStudioVersion = 10.0.40219.1
Project("{FAE04EC0-301F-11D3-BF4B-00C04F79EFBC}") = "BackendApplication", "BackendApplication\BackendApplication.csproj", "{1B14721F-16DB-41BA-BA30-5047357ABE0E}"
EndProject
Project("{FAE04EC0-301F-11D3-BF4B-00C04F79EFBC}") = "BackendApplication.Tests", "BackendApplication.Tests\BackendApplication.Tests.csproj", "{F62557FB-8DF3-4683-8A8E-631882DFF1AE}"
EndProject
Project("{FAE04EC0-301F-11D3-BF4B-00C04F79EFBC}") = "FrontendApplication", "FrontendApplication\FrontendApplication.csproj", "{6F651D1D-0DFA-45D0-9D06-1D2E8F489175}"
EndProject
Global
	GlobalSection(SolutionConfigurationPlatforms) = preSolution
		Debug|Any CPU = Debug|Any CPU
		Release|Any CPU = Release|Any CPU
	EndGlobalSection
	GlobalSection(ProjectConfigurationPlatforms) = postSolution
		{1B14721F-16DB-41BA-BA30-5047357ABE0E}.Debug|Any CPU.ActiveCfg = Debug|Any CPU
		{1B14721F-16DB-41BA-BA30-5047357ABE0E}.Debug|Any CPU.Build.0 = Debug|Any CPU
		{1B14721F-16DB-41BA-BA30-5047357ABE0E}.Release|Any CPU.ActiveCfg = Release|Any CPU
		{1B14721F-16DB-41BA-BA30-5047357ABE0E}.Release|Any CPU.Build.0 = Release|Any CPU
		{F62557FB-8DF3-4683-8A8E-631882DFF1AE}.Debug|Any CPU.ActiveCfg = Debug|Any CPU
		{F62557FB-8DF3-4683-8A8E-631882DFF1AE}.Debug|Any CPU.Build.0 = Debug|Any CPU
		{F62557FB-8DF3-4683-8A8E-631882DFF1AE}.Release|Any CPU.ActiveCfg = Release|Any CPU
		{F62557FB-8DF3-4683-8A8E-631882DFF1AE}.Release|Any CPU.Build.0 = Release|Any CPU
		{6F651D1D-0DFA-45D0-9D06-1D2E8F489175}.Debug|Any CPU.ActiveCfg = Debug|Any CPU
		{6F651D1D-0DFA-45D0-9D06-1D2E8F489175}.Debug|Any CPU.Build.0 = Debug|Any CPU
		{6F651D1D-0DFA-45D0-9D06-1D2E8F489175}.Release|Any CPU.ActiveCfg = Release|Any CPU
		{6F651D1D-0DFA-45D0-9D06-1D2E8F489175}.Release|Any CPU.Build.0 = Release|Any CPU
	EndGlobalSection
	GlobalSection(SolutionProperties) = preSolution
		HideSolutionNode = FALSE
	EndGlobalSection
	GlobalSection(ExtensibilityGlobals) = postSolution
		SolutionGuid = {B42D1568-4C85-4FF7-AF77-3293BD6C327B}
	EndGlobalSection
EndGlobal
